{
    "package": "kalel1500/kalion",
    "version": "dev-develop",
    "timestamp": "2025-10-23 08:22:09",
    "stubs": [
        ".env.save.local",
        ".prettierrc",
        "app\\Providers\\DependencyServiceProvider.php",
        "config\\kalion_links.php",
        "database\\factories\\CommentFactory.php",
        "database\\factories\\PostFactory.php",
        "database\\factories\\TagFactory.php",
        "database\\factories\\TagTypeFactory.php",
        "database\\migrations\\2024_05_17_213442_create_statuses_table.php",
        "database\\migrations\\2025_01_30_133217_create_tag_types_table.php",
        "database\\migrations\\2025_01_30_133605_create_tags_table.php",
        "database\\migrations\\2025_01_30_133949_create_posts_table.php",
        "database\\migrations\\2025_01_30_134016_create_comments_table.php",
        "database\\migrations\\2025_02_03_113848_create_post_tag_table.php",
        "database\\seeders\\CommentSeeder.php",
        "database\\seeders\\DatabaseSeeder.php",
        "database\\seeders\\PermissionSeeder.php",
        "database\\seeders\\PostSeeder.php",
        "database\\seeders\\TagSeeder.php",
        "lang\\en\\auth.php",
        "lang\\en\\pagination.php",
        "lang\\en\\passwords.php",
        "lang\\en\\validation.php",
        "lang\\es.json",
        "lang\\es\\auth.php",
        "lang\\es\\pagination.php",
        "lang\\es\\passwords.php",
        "lang\\es\\validation.php",
        "resources\\css\\app.css",
        "resources\\images\\favicon.ico",
        "resources\\images\\login\\header.png",
        "resources\\images\\login\\macbook.svg",
        "resources\\images\\logo.svg",
        "resources\\js\\app.ts",
        "resources\\js\\config\\bootstrap.ts",
        "resources\\js\\config\\constants.ts",
        "resources\\js\\config\\lang\\en.json",
        "resources\\js\\config\\lang\\es.json",
        "resources\\js\\config\\routes.ts",
        "resources\\js\\config\\translations.ts",
        "resources\\js\\src\\home\\application\\HomeUseCase.ts",
        "resources\\js\\src\\home\\infrastructure\\HomeController.ts",
        "resources\\js\\src\\posts\\infrastructure\\PostController.ts",
        "resources\\js\\src\\shared\\domain\\entities\\TagType.ts",
        "resources\\js\\src\\tags\\application\\TagsListUseCase.ts",
        "resources\\js\\src\\tags\\infrastructure\\TagsController.ts",
        "resources\\views\\pages\\home\\index.blade.php",
        "resources\\views\\pages\\post\\detail.blade.php",
        "resources\\views\\pages\\post\\list.blade.php",
        "resources\\views\\pages\\tag\\index.blade.php",
        "resources\\views\\welcome.blade.php",
        "routes\\web.php",
        "src\\Home\\Infrastructure\\Http\\Controllers\\HomeController.php",
        "src\\Posts\\Application\\GetViewDataPostDetailUseCase.php",
        "src\\Posts\\Application\\GetViewDataPostListUseCase.php",
        "src\\Posts\\Domain\\Objects\\DataObjects\\ViewDataPostListDto.php",
        "src\\Posts\\Infrastructure\\Http\\Controllers\\PostController.php",
        "src\\Shared\\Domain\\Contracts\\Repositories\\CommentRepository.php",
        "src\\Shared\\Domain\\Contracts\\Repositories\\PostRepository.php",
        "src\\Shared\\Domain\\Contracts\\Repositories\\TagRepository.php",
        "src\\Shared\\Domain\\Contracts\\Repositories\\TagTypeRepository.php",
        "src\\Shared\\Domain\\Helpers\\helpers_domain.php",
        "src\\Shared\\Domain\\Objects\\Entities\\Collections\\CommentCollection.php",
        "src\\Shared\\Domain\\Objects\\Entities\\Collections\\PostCollection.php",
        "src\\Shared\\Domain\\Objects\\Entities\\Collections\\TagCollection.php",
        "src\\Shared\\Domain\\Objects\\Entities\\Collections\\TagTypeCollection.php",
        "src\\Shared\\Domain\\Objects\\Entities\\CommentEntity.php",
        "src\\Shared\\Domain\\Objects\\Entities\\PostEntity.php",
        "src\\Shared\\Domain\\Objects\\Entities\\TagEntity.php",
        "src\\Shared\\Domain\\Objects\\Entities\\TagTypeEntity.php",
        "src\\Shared\\Domain\\Objects\\Entities\\UserEntity.php",
        "src\\Shared\\Domain\\Services\\AppLayoutData.php",
        "src\\Shared\\Infrastructure\\Helpers\\helpers_infrastructure.php",
        "src\\Shared\\Infrastructure\\Models\\Comment.php",
        "src\\Shared\\Infrastructure\\Models\\Post.php",
        "src\\Shared\\Infrastructure\\Models\\Tag.php",
        "src\\Shared\\Infrastructure\\Models\\TagType.php",
        "src\\Shared\\Infrastructure\\Models\\User.php",
        "src\\Shared\\Infrastructure\\Repositories\\Eloquent\\EloquentCommentRepository.php",
        "src\\Shared\\Infrastructure\\Repositories\\Eloquent\\EloquentPostRepository.php",
        "src\\Shared\\Infrastructure\\Repositories\\Eloquent\\EloquentTagRepository.php",
        "src\\Shared\\Infrastructure\\Repositories\\Eloquent\\EloquentTagTypeRepository.php",
        "src\\Shared\\Infrastructure\\Repositories\\Eloquent\\EloquentUserRepository.php",
        "src\\Tags\\Application\\DeleteTagUseCase.php",
        "src\\Tags\\Application\\GetTagListUseCase.php",
        "src\\Tags\\Application\\GetViewDataTagsUseCase.php",
        "src\\Tags\\Application\\UpdateOrCreateTagUseCase.php",
        "src\\Tags\\Domain\\Objects\\DataObjects\\FrontTagsDto.php",
        "src\\Tags\\Domain\\Objects\\DataObjects\\ViewTagsDto.php",
        "src\\Tags\\Infrastructure\\Http\\Controllers\\AjaxTagController.php",
        "src\\Tags\\Infrastructure\\Http\\Controllers\\TagController.php",
        "tsconfig.json",
        "vite.config.ts"
    ]
}
